
Microsoft Visual Studio Solution File, Format Version 12.00
# Visual Studio Version 17
VisualStudioVersion = 17.11.35327.3
MinimumVisualStudioVersion = 10.0.40219.1
Project("{FAE04EC0-301F-11D3-BF4B-00C04F79EFBC}") = "RegularCustomer", "RegularCustomer\RegularCustomer.csproj", "{01E17985-6281-4BCD-9EC9-E8489F5DEB15}"
EndProject
Project("{FAE04EC0-301F-11D3-BF4B-00C04F79EFBC}") = "Librarian", "Librarian\Librarian.csproj", "{54264D45-2AFF-4B60-A9E0-900EB06FDCB7}"
EndProject
Project("{FAE04EC0-301F-11D3-BF4B-00C04F79EFBC}") = "TheHouseThatJackBuilt", "TheHouseThatJackBuilt\TheHouseThatJackBuilt.csproj", "{02490416-32D8-4E86-B726-829628548B07}"
EndProject
Global
	GlobalSection(SolutionConfigurationPlatforms) = preSolution
		Debug|Any CPU = Debug|Any CPU
		Release|Any CPU = Release|Any CPU
	EndGlobalSection
	GlobalSection(ProjectConfigurationPlatforms) = postSolution
		{01E17985-6281-4BCD-9EC9-E8489F5DEB15}.Debug|Any CPU.ActiveCfg = Debug|Any CPU
		{01E17985-6281-4BCD-9EC9-E8489F5DEB15}.Debug|Any CPU.Build.0 = Debug|Any CPU
		{01E17985-6281-4BCD-9EC9-E8489F5DEB15}.Release|Any CPU.ActiveCfg = Release|Any CPU
		{01E17985-6281-4BCD-9EC9-E8489F5DEB15}.Release|Any CPU.Build.0 = Release|Any CPU
		{54264D45-2AFF-4B60-A9E0-900EB06FDCB7}.Debug|Any CPU.ActiveCfg = Debug|Any CPU
		{54264D45-2AFF-4B60-A9E0-900EB06FDCB7}.Debug|Any CPU.Build.0 = Debug|Any CPU
		{54264D45-2AFF-4B60-A9E0-900EB06FDCB7}.Release|Any CPU.ActiveCfg = Release|Any CPU
		{54264D45-2AFF-4B60-A9E0-900EB06FDCB7}.Release|Any CPU.Build.0 = Release|Any CPU
		{02490416-32D8-4E86-B726-829628548B07}.Debug|Any CPU.ActiveCfg = Debug|Any CPU
		{02490416-32D8-4E86-B726-829628548B07}.Debug|Any CPU.Build.0 = Debug|Any CPU
		{02490416-32D8-4E86-B726-829628548B07}.Release|Any CPU.ActiveCfg = Release|Any CPU
		{02490416-32D8-4E86-B726-829628548B07}.Release|Any CPU.Build.0 = Release|Any CPU
	EndGlobalSection
	GlobalSection(SolutionProperties) = preSolution
		HideSolutionNode = FALSE
	EndGlobalSection
	GlobalSection(ExtensibilityGlobals) = postSolution
		SolutionGuid = {DA738CF3-F570-4C6D-8647-D92181C10F63}
	EndGlobalSection
EndGlobal
